// !$*UTF8*$!
{
	archiveVersion = 1;
	classes = {
	};
	objectVersion = 56;
	objects = {

/* Begin PBXBuildFile section */
		8A2B23FB2908464200376961 /* SwiftUIViewLifeCycleApp.swift in Sources */ = {isa = PBXBuildFile; fileRef = 8A2B23FA2908464200376961 /* SwiftUIViewLifeCycleApp.swift */; };
		8A2B23FD2908464200376961 /* ContentView.swift in Sources */ = {isa = PBXBuildFile; fileRef = 8A2B23FC2908464200376961 /* ContentView.swift */; };
		8A2B23FF2908464300376961 /* Assets.xcassets in Resources */ = {isa = PBXBuildFile; fileRef = 8A2B23FE2908464300376961 /* Assets.xcassets */; };
		8A2B24022908464300376961 /* Preview Assets.xcassets in Resources */ = {isa = PBXBuildFile; fileRef = 8A2B24012908464300376961 /* Preview Assets.xcassets */; };
		8A2B24092908465400376961 /* ViewModel.swift in Sources */ = {isa = PBXBuildFile; fileRef = 8A2B24082908465400376961 /* ViewModel.swift */; };
		8A2B240B2908467700376961 /* ContentViewController.swift in Sources */ = {isa = PBXBuildFile; fileRef = 8A2B240A2908467700376961 /* ContentViewController.swift */; };
		8A2B240F290846F000376961 /* NiblessViewController.swift in Sources */ = {isa = PBXBuildFile; fileRef = 8A2B240E290846F000376961 /* NiblessViewController.swift */; };
		8A2B2411290849CD00376961 /* GatewayView.swift in Sources */ = {isa = PBXBuildFile; fileRef = 8A2B2410290849CD00376961 /* GatewayView.swift */; };
		8A2B2416290856EC00376961 /* LifeCycleViewModifier.swift in Sources */ = {isa = PBXBuildFile; fileRef = 8A2B2415290856EC00376961 /* LifeCycleViewModifier.swift */; };
/* End PBXBuildFile section */

/* Begin PBXFileReference section */
		8A2B23F72908464200376961 /* SwiftUIViewLifeCycle.app */ = {isa = PBXFileReference; explicitFileType = wrapper.application; includeInIndex = 0; path = SwiftUIViewLifeCycle.app; sourceTree = BUILT_PRODUCTS_DIR; };
		8A2B23FA2908464200376961 /* SwiftUIViewLifeCycleApp.swift */ = {isa = PBXFileReference; lastKnownFileType = sourcecode.swift; path = SwiftUIViewLifeCycleApp.swift; sourceTree = "<group>"; };
		8A2B23FC2908464200376961 /* ContentView.swift */ = {isa = PBXFileReference; lastKnownFileType = sourcecode.swift; path = ContentView.swift; sourceTree = "<group>"; };
		8A2B23FE2908464300376961 /* Assets.xcassets */ = {isa = PBXFileReference; lastKnownFileType = folder.assetcatalog; path = Assets.xcassets; sourceTree = "<group>"; };
		8A2B24012908464300376961 /* Preview Assets.xcassets */ = {isa = PBXFileReference; lastKnownFileType = folder.assetcatalog; path = "Preview Assets.xcassets"; sourceTree = "<group>"; };
		8A2B24082908465400376961 /* ViewModel.swift */ = {isa = PBXFileReference; lastKnownFileType = sourcecode.swift; path = ViewModel.swift; sourceTree = "<group>"; };
		8A2B240A2908467700376961 /* ContentViewController.swift */ = {isa = PBXFileReference; lastKnownFileType = sourcecode.swift; path = ContentViewController.swift; sourceTree = "<group>"; };
		8A2B240E290846F000376961 /* NiblessViewController.swift */ = {isa = PBXFileReference; lastKnownFileType = sourcecode.swift; path = NiblessViewController.swift; sourceTree = "<group>"; };
		8A2B2410290849CD00376961 /* GatewayView.swift */ = {isa = PBXFileReference; lastKnownFileType = sourcecode.swift; path = GatewayView.swift; sourceTree = "<group>"; };
		8A2B2415290856EC00376961 /* LifeCycleViewModifier.swift */ = {isa = PBXFileReference; lastKnownFileType = sourcecode.swift; path = LifeCycleViewModifier.swift; sourceTree = "<group>"; };
/* End PBXFileReference section */

/* Begin PBXFrameworksBuildPhase section */
		8A2B23F42908464200376961 /* Frameworks */ = {
			isa = PBXFrameworksBuildPhase;
			buildActionMask = 2147483647;
			files = (
			);
			runOnlyForDeploymentPostprocessing = 0;
		};
/* End PBXFrameworksBuildPhase section */

/* Begin PBXGroup section */
		8A2B23EE2908464200376961 = {
			isa = PBXGroup;
			children = (
				8A2B23F92908464200376961 /* SwiftUIViewLifeCycle */,
				8A2B23F82908464200376961 /* Products */,
			);
			sourceTree = "<group>";
		};
		8A2B23F82908464200376961 /* Products */ = {
			isa = PBXGroup;
			children = (
				8A2B23F72908464200376961 /* SwiftUIViewLifeCycle.app */,
			);
			name = Products;
			sourceTree = "<group>";
		};
		8A2B23F92908464200376961 /* SwiftUIViewLifeCycle */ = {
			isa = PBXGroup;
			children = (
				8A2B23FA2908464200376961 /* SwiftUIViewLifeCycleApp.swift */,
				8A2B2410290849CD00376961 /* GatewayView.swift */,
				8A2B240D290846E100376961 /* ReuseableView */,
				8A2B240C290846CF00376961 /* ContentView */,
				8A2B23FE2908464300376961 /* Assets.xcassets */,
				8A2B24002908464300376961 /* Preview Content */,
			);
			path = SwiftUIViewLifeCycle;
			sourceTree = "<group>";
		};
		8A2B24002908464300376961 /* Preview Content */ = {
			isa = PBXGroup;
			children = (
				8A2B24012908464300376961 /* Preview Assets.xcassets */,
			);
			path = "Preview Content";
			sourceTree = "<group>";
		};
		8A2B240C290846CF00376961 /* ContentView */ = {
			isa = PBXGroup;
			children = (
				8A2B23FC2908464200376961 /* ContentView.swift */,
				8A2B24082908465400376961 /* ViewModel.swift */,
				8A2B240A2908467700376961 /* ContentViewController.swift */,
			);
			path = ContentView;
			sourceTree = "<group>";
		};
		8A2B240D290846E100376961 /* ReuseableView */ = {
			isa = PBXGroup;
			children = (
				8A2B240E290846F000376961 /* NiblessViewController.swift */,
				8A2B2415290856EC00376961 /* LifeCycleViewModifier.swift */,
			);
			path = ReuseableView;
			sourceTree = "<group>";
		};
/* End PBXGroup section */

/* Begin PBXNativeTarget section */
		8A2B23F62908464200376961 /* SwiftUIViewLifeCycle */ = {
			isa = PBXNativeTarget;
			buildConfigurationList = 8A2B24052908464300376961 /* Build configuration list for PBXNativeTarget "SwiftUIViewLifeCycle" */;
			buildPhases = (
				8A2B23F32908464200376961 /* Sources */,
				8A2B23F42908464200376961 /* Frameworks */,
				8A2B23F52908464200376961 /* Resources */,
			);
			buildRules = (
			);
			dependencies = (
			);
			name = SwiftUIViewLifeCycle;
			productName = SwiftUIViewLifeCycle;
			productReference = 8A2B23F72908464200376961 /* SwiftUIViewLifeCycle.app */;
			productType = "com.apple.product-type.application";
		};
/* End PBXNativeTarget section */

/* Begin PBXProject section */
		8A2B23EF2908464200376961 /* Project object */ = {
			isa = PBXProject;
			attributes = {
				BuildIndependentTargetsInParallel = 1;
				LastSwiftUpdateCheck = 1400;
				LastUpgradeCheck = 1400;
				TargetAttributes = {
					8A2B23F62908464200376961 = {
						CreatedOnToolsVersion = 14.0.1;
					};
				};
			};
			buildConfigurationList = 8A2B23F22908464200376961 /* Build configuration list for PBXProject "SwiftUIViewLifeCycle" */;
			compatibilityVersion = "Xcode 14.0";
			developmentRegion = en;
			hasScannedForEncodings = 0;
			knownRegions = (
				en,
				Base,
			);
			mainGroup = 8A2B23EE2908464200376961;
			productRefGroup = 8A2B23F82908464200376961 /* Products */;
			projectDirPath = "";
			projectRoot = "";
			targets = (
				8A2B23F62908464200376961 /* SwiftUIViewLifeCycle */,
			);
		};
/* End PBXProject section */

/* Begin PBXResourcesBuildPhase section */
		8A2B23F52908464200376961 /* Resources */ = {
			isa = PBXResourcesBuildPhase;
			buildActionMask = 2147483647;
			files = (
				8A2B24022908464300376961 /* Preview Assets.xcassets in Resources */,
				8A2B23FF2908464300376961 /* Assets.xcassets in Resources */,
			);
			runOnlyForDeploymentPostprocessing = 0;
		};
/* End PBXResourcesBuildPhase section */

/* Begin PBXSourcesBuildPhase section */
		8A2B23F32908464200376961 /* Sources */ = {
			isa = PBXSourcesBuildPhase;
			buildActionMask = 2147483647;
			files = (
				8A2B23FD2908464200376961 /* ContentView.swift in Sources */,
				8A2B2411290849CD00376961 /* GatewayView.swift in Sources */,
				8A2B24092908465400376961 /* ViewModel.swift in Sources */,
				8A2B240F290846F000376961 /* NiblessViewController.swift in Sources */,
				8A2B2416290856EC00376961 /* LifeCycleViewModifier.swift in Sources */,
				8A2B23FB2908464200376961 /* SwiftUIViewLifeCycleApp.swift in Sources */,
				8A2B240B2908467700376961 /* ContentViewController.swift in Sources */,
			);
			runOnlyForDeploymentPostprocessing = 0;
		};
/* End PBXSourcesBuildPhase section */

/* Begin XCBuildConfiguration section */
		8A2B24032908464300376961 /* Debug */ = {
			isa = XCBuildConfiguration;
			buildSettings = {
				ALWAYS_SEARCH_USER_PATHS = NO;
				CLANG_ANALYZER_NONNULL = YES;
				CLANG_ANALYZER_NUMBER_OBJECT_CONVERSION = YES_AGGRESSIVE;
				CLANG_CXX_LANGUAGE_STANDARD = "gnu++20";
				CLANG_ENABLE_MODULES = YES;
				CLANG_ENABLE_OBJC_ARC = YES;
				CLANG_ENABLE_OBJC_WEAK = YES;
				CLANG_WARN_BLOCK_CAPTURE_AUTORELEASING = YES;
				CLANG_WARN_BOOL_CONVERSION = YES;
				CLANG_WARN_COMMA = YES;
				CLANG_WARN_CONSTANT_CONVERSION = YES;
				CLANG_WARN_DEPRECATED_OBJC_IMPLEMENTATIONS = YES;
				CLANG_WARN_DIRECT_OBJC_ISA_USAGE = YES_ERROR;
				CLANG_WARN_DOCUMENTATION_COMMENTS = YES;
				CLANG_WARN_EMPTY_BODY = YES;
				CLANG_WARN_ENUM_CONVERSION = YES;
				CLANG_WARN_INFINITE_RECURSION = YES;
				CLANG_WARN_INT_CONVERSION = YES;
				CLANG_WARN_NON_LITERAL_NULL_CONVERSION = YES;
				CLANG_WARN_OBJC_IMPLICIT_RETAIN_SELF = YES;
				CLANG_WARN_OBJC_LITERAL_CONVERSION = YES;
				CLANG_WARN_OBJC_ROOT_CLASS = YES_ERROR;
				CLANG_WARN_QUOTED_INCLUDE_IN_FRAMEWORK_HEADER = YES;
				CLANG_WARN_RANGE_LOOP_ANALYSIS = YES;
				CLANG_WARN_STRICT_PROTOTYPES = YES;
				CLANG_WARN_SUSPICIOUS_MOVE = YES;
				CLANG_WARN_UNGUARDED_AVAILABILITY = YES_AGGRESSIVE;
				CLANG_WARN_UNREACHABLE_CODE = YES;
				CLANG_WARN__DUPLICATE_METHOD_MATCH = YES;
				COPY_PHASE_STRIP = NO;
				DEBUG_INFORMATION_FORMAT = dwarf;
				ENABLE_STRICT_OBJC_MSGSEND = YES;
				ENABLE_TESTABILITY = YES;
				GCC_C_LANGUAGE_STANDARD = gnu11;
				GCC_DYNAMIC_NO_PIC = NO;
				GCC_NO_COMMON_BLOCKS = YES;
				GCC_OPTIMIZATION_LEVEL = 0;
				GCC_PREPROCESSOR_DEFINITIONS = (
					"DEBUG=1",
					"$(inherited)",
				);
				GCC_WARN_64_TO_32_BIT_CONVERSION = YES;
				GCC_WARN_ABOUT_RETURN_TYPE = YES_ERROR;
				GCC_WARN_UNDECLARED_SELECTOR = YES;
				GCC_WARN_UNINITIALIZED_AUTOS = YES_AGGRESSIVE;
				GCC_WARN_UNUSED_FUNCTION = YES;
				GCC_WARN_UNUSED_VARIABLE = YES;
				IPHONEOS_DEPLOYMENT_TARGET = 16.0;
				MTL_ENABLE_DEBUG_INFO = INCLUDE_SOURCE;
				MTL_FAST_MATH = YES;
				ONLY_ACTIVE_ARCH = YES;
				SDKROOT = iphoneos;
				SWIFT_ACTIVE_COMPILATION_CONDITIONS = DEBUG;
				SWIFT_OPTIMIZATION_LEVEL = "-Onone";
			};
			name = Debug;
		};
		8A2B24042908464300376961 /* Release */ = {
			isa = XCBuildConfiguration;
			buildSettings = {
				ALWAYS_SEARCH_USER_PATHS = NO;
				CLANG_ANALYZER_NONNULL = YES;
				CLANG_ANALYZER_NUMBER_OBJECT_CONVERSION = YES_AGGRESSIVE;
				CLANG_CXX_LANGUAGE_STANDARD = "gnu++20";
				CLANG_ENABLE_MODULES = YES;
				CLANG_ENABLE_OBJC_ARC = YES;
				CLANG_ENABLE_OBJC_WEAK = YES;
				CLANG_WARN_BLOCK_CAPTURE_AUTORELEASING = YES;
				CLANG_WARN_BOOL_CONVERSION = YES;
				CLANG_WARN_COMMA = YES;
				CLANG_WARN_CONSTANT_CONVERSION = YES;
				CLANG_WARN_DEPRECATED_OBJC_IMPLEMENTATIONS = YES;
				CLANG_WARN_DIRECT_OBJC_ISA_USAGE = YES_ERROR;
				CLANG_WARN_DOCUMENTATION_COMMENTS = YES;
				CLANG_WARN_EMPTY_BODY = YES;
				CLANG_WARN_ENUM_CONVERSION = YES;
				CLANG_WARN_INFINITE_RECURSION = YES;
				CLANG_WARN_INT_CONVERSION = YES;
				CLANG_WARN_NON_LITERAL_NULL_CONVERSION = YES;
				CLANG_WARN_OBJC_IMPLICIT_RETAIN_SELF = YES;
				CLANG_WARN_OBJC_LITERAL_CONVERSION = YES;
				CLANG_WARN_OBJC_ROOT_CLASS = YES_ERROR;
				CLANG_WARN_QUOTED_INCLUDE_IN_FRAMEWORK_HEADER = YES;
				CLANG_WARN_RANGE_LOOP_ANALYSIS = YES;
				CLANG_WARN_STRICT_PROTOTYPES = YES;
				CLANG_WARN_SUSPICIOUS_MOVE = YES;
				CLANG_WARN_UNGUARDED_AVAILABILITY = YES_AGGRESSIVE;
				CLANG_WARN_UNREACHABLE_CODE = YES;
				CLANG_WARN__DUPLICATE_METHOD_MATCH = YES;
				COPY_PHASE_STRIP = NO;
				DEBUG_INFORMATION_FORMAT = "dwarf-with-dsym";
				ENABLE_NS_ASSERTIONS = NO;
				ENABLE_STRICT_OBJC_MSGSEND = YES;
				GCC_C_LANGUAGE_STANDARD = gnu11;
				GCC_NO_COMMON_BLOCKS = YES;
				GCC_WARN_64_TO_32_BIT_CONVERSION = YES;
				GCC_WARN_ABOUT_RETURN_TYPE = YES_ERROR;
				GCC_WARN_UNDECLARED_SELECTOR = YES;
				GCC_WARN_UNINITIALIZED_AUTOS = YES_AGGRESSIVE;
				GCC_WARN_UNUSED_FUNCTION = YES;
				GCC_WARN_UNUSED_VARIABLE = YES;
				IPHONEOS_DEPLOYMENT_TARGET = 16.0;
				MTL_ENABLE_DEBUG_INFO = NO;
				MTL_FAST_MATH = YES;
				SDKROOT = iphoneos;
				SWIFT_COMPILATION_MODE = wholemodule;
				SWIFT_OPTIMIZATION_LEVEL = "-O";
				VALIDATE_PRODUCT = YES;
			};
			name = Release;
		};
		8A2B24062908464300376961 /* Debug */ = {
			isa = XCBuildConfiguration;
			buildSettings = {
				ASSETCATALOG_COMPILER_APPICON_NAME = AppIcon;
				ASSETCATALOG_COMPILER_GLOBAL_ACCENT_COLOR_NAME = AccentColor;
				CODE_SIGN_STYLE = Automatic;
				CURRENT_PROJECT_VERSION = 1;
				DEVELOPMENT_ASSET_PATHS = "\"SwiftUIViewLifeCycle/Preview Content\"";
				DEVELOPMENT_TEAM = XJXA3BQDMJ;
				ENABLE_PREVIEWS = YES;
				GENERATE_INFOPLIST_FILE = YES;
				INFOPLIST_KEY_UIApplicationSceneManifest_Generation = YES;
				INFOPLIST_KEY_UIApplicationSupportsIndirectInputEvents = YES;
				INFOPLIST_KEY_UILaunchScreen_Generation = YES;
				INFOPLIST_KEY_UISupportedInterfaceOrientations_iPad = "UIInterfaceOrientationPortrait UIInterfaceOrientationPortraitUpsideDown UIInterfaceOrientationLandscapeLeft UIInterfaceOrientationLandscapeRight";
				INFOPLIST_KEY_UISupportedInterfaceOrientations_iPhone = "UIInterfaceOrientationPortrait UIInterfaceOrientationLandscapeLeft UIInterfaceOrientationLandscapeRight";
				LD_RUNPATH_SEARCH_PATHS = (
					"$(inherited)",
					"@executable_path/Frameworks",
				);
				MARKETING_VERSION = 1.0;
				PRODUCT_BUNDLE_IDENTIFIER = com.gookbob.SwiftUIViewLifeCycle;
				PRODUCT_NAME = "$(TARGET_NAME)";
				SWIFT_EMIT_LOC_STRINGS = YES;
				SWIFT_VERSION = 5.0;
				TARGETED_DEVICE_FAMILY = "1,2";
			};
			name = Debug;
		};
		8A2B24072908464300376961 /* Release */ = {
			isa = XCBuildConfiguration;
			buildSettings = {
				ASSETCATALOG_COMPILER_APPICON_NAME = AppIcon;
				ASSETCATALOG_COMPILER_GLOBAL_ACCENT_COLOR_NAME = AccentColor;
				CODE_SIGN_STYLE = Automatic;
				CURRENT_PROJECT_VERSION = 1;
				DEVELOPMENT_ASSET_PATHS = "\"SwiftUIViewLifeCycle/Preview Content\"";
				DEVELOPMENT_TEAM = XJXA3BQDMJ;
				ENABLE_PREVIEWS = YES;
				GENERATE_INFOPLIST_FILE = YES;
				INFOPLIST_KEY_UIApplicationSceneManifest_Generation = YES;
				INFOPLIST_KEY_UIApplicationSupportsIndirectInputEvents = YES;
				INFOPLIST_KEY_UILaunchScreen_Generation = YES;
				INFOPLIST_KEY_UISupportedInterfaceOrientations_iPad = "UIInterfaceOrientationPortrait UIInterfaceOrientationPortraitUpsideDown UIInterfaceOrientationLandscapeLeft UIInterfaceOrientationLandscapeRight";
				INFOPLIST_KEY_UISupportedInterfaceOrientations_iPhone = "UIInterfaceOrientationPortrait UIInterfaceOrientationLandscapeLeft UIInterfaceOrientationLandscapeRight";
				LD_RUNPATH_SEARCH_PATHS = (
					"$(inherited)",
					"@executable_path/Frameworks",
				);
				MARKETING_VERSION = 1.0;
				PRODUCT_BUNDLE_IDENTIFIER = com.gookbob.SwiftUIViewLifeCycle;
				PRODUCT_NAME = "$(TARGET_NAME)";
				SWIFT_EMIT_LOC_STRINGS = YES;
				SWIFT_VERSION = 5.0;
				TARGETED_DEVICE_FAMILY = "1,2";
			};
			name = Release;
		};
/* End XCBuildConfiguration section */

/* Begin XCConfigurationList section */
		8A2B23F22908464200376961 /* Build configuration list for PBXProject "SwiftUIViewLifeCycle" */ = {
			isa = XCConfigurationList;
			buildConfigurations = (
				8A2B24032908464300376961 /* Debug */,
				8A2B24042908464300376961 /* Release */,
			);
			defaultConfigurationIsVisible = 0;
			defaultConfigurationName = Release;
		};
		8A2B24052908464300376961 /* Build configuration list for PBXNativeTarget "SwiftUIViewLifeCycle" */ = {
			isa = XCConfigurationList;
			buildConfigurations = (
				8A2B24062908464300376961 /* Debug */,
				8A2B24072908464300376961 /* Release */,
			);
			defaultConfigurationIsVisible = 0;
			defaultConfigurationName = Release;
		};
/* End XCConfigurationList section */
	};
	rootObject = 8A2B23EF2908464200376961 /* Project object */;
}
